
Microsoft Visual Studio Solution File, Format Version 12.00
# Visual Studio Version 17
VisualStudioVersion = 17.1.32228.430
MinimumVisualStudioVersion = 10.0.40219.1
Project("{9A19103F-16F7-4668-BE54-9A1E7A4F7556}") = "Sanatana.DataGenerator", "Sanatana.DataGenerator\Sanatana.DataGenerator.csproj", "{3EC44DF7-B25D-40C6-A506-10B02ECA3656}"
EndProject
Project("{9A19103F-16F7-4668-BE54-9A1E7A4F7556}") = "Sanatana.DataGenerator.MongoDb", "Sanatana.DataGenerator.MongoDb\Sanatana.DataGenerator.MongoDb.csproj", "{15F8A083-94FD-487B-81AB-3E6DE83617C8}"
EndProject
Project("{FAE04EC0-301F-11D3-BF4B-00C04F79EFBC}") = "Sanatana.DataGenerator.EntityFramework", "Sanatana.DataGenerator.EntityFramework\Sanatana.DataGenerator.EntityFramework.csproj", "{FCF08514-D84A-43FD-8FA2-B55CFB25E13C}"
EndProject
Project("{2150E333-8FDC-42A3-9474-1A3956D46DE8}") = "Specs", "Specs", "{6F236CAA-C48A-454C-9469-0F147BFFBF58}"
EndProject
Project("{2150E333-8FDC-42A3-9474-1A3956D46DE8}") = "Demo", "Demo", "{DE82CA51-2354-4C75-B86A-863BBA779C68}"
EndProject
Project("{9A19103F-16F7-4668-BE54-9A1E7A4F7556}") = "Sanatana.DataGenerator.Csv", "Sanatana.DataGenerator.Csv\Sanatana.DataGenerator.Csv.csproj", "{2EFE9722-5208-41D1-97EA-039365C2DF48}"
EndProject
Project("{9A19103F-16F7-4668-BE54-9A1E7A4F7556}") = "Sanatana.DataGeneratorSpecs", "Sanatana.DataGeneratorSpecs\Sanatana.DataGeneratorSpecs.csproj", "{92130B55-C84D-4F7B-9859-A52ABAAAF4E4}"
EndProject
Project("{2150E333-8FDC-42A3-9474-1A3956D46DE8}") = "Solution Items", "Solution Items", "{B956E7E5-4D33-43F1-BE3D-46929296D7E3}"
	ProjectSection(SolutionItems) = preProject
		Directory.Build.props = Directory.Build.props
		.github\workflows\dotnet-create-nuget-pkgs.yml = .github\workflows\dotnet-create-nuget-pkgs.yml
		LICENSE = LICENSE
	EndProjectSection
EndProject
Project("{9A19103F-16F7-4668-BE54-9A1E7A4F7556}") = "Sanatana.DataGenerator.EntityFrameworkCore", "Sanatana.DataGenerator.EntityFrameworkCore\Sanatana.DataGenerator.EntityFrameworkCore.csproj", "{5C70ED7A-D649-4EB7-A794-B2F2C0F1F9DF}"
EndProject
Project("{2150E333-8FDC-42A3-9474-1A3956D46DE8}") = "Storages", "Storages", "{A9E634AB-E96D-4BE3-A463-CFDD4B33EC06}"
EndProject
Project("{9A19103F-16F7-4668-BE54-9A1E7A4F7556}") = "Sanatana.DataGenerator.AutoBogus", "Sanatana.DataGenerator.AutoBogus\Sanatana.DataGenerator.AutoBogus.csproj", "{17B3783E-990A-4693-8169-6C11FB4F1124}"
EndProject
Project("{9A19103F-16F7-4668-BE54-9A1E7A4F7556}") = "Sanatana.DataGenerator.AutoBogusSpecs", "Sanatana.DataGenerator.AutoBogusSpecs\Sanatana.DataGenerator.AutoBogusSpecs.csproj", "{16ECADAC-0F03-41BE-AFDA-FFAA258233D9}"
EndProject
Project("{9A19103F-16F7-4668-BE54-9A1E7A4F7556}") = "Sanatana.DataGenerator.EntityFrameworkCoreSpecs", "Sanatana.DataGenerator.EntityFrameworkCoreSpecs\Sanatana.DataGenerator.EntityFrameworkCoreSpecs.csproj", "{C7A4D05F-0D38-4692-B67E-F7C09002F602}"
EndProject
Project("{9A19103F-16F7-4668-BE54-9A1E7A4F7556}") = "Sanatana.DataGenerator.Demo", "Sanatana.DataGenerator.Demo\Sanatana.DataGenerator.Demo.csproj", "{28904C01-6CFB-4754-8496-B76C2E914FD9}"
EndProject
Project("{9A19103F-16F7-4668-BE54-9A1E7A4F7556}") = "Sanatana.DataGenerator.EntityFrameworkCore.SqlServer", "Sanatana.DataGenerator.EntityFrameworkCore.SqlServer\Sanatana.DataGenerator.EntityFrameworkCore.SqlServer.csproj", "{2B6CD0BD-7A03-499B-B2F6-E4E3CE912EB3}"
EndProject
Project("{9A19103F-16F7-4668-BE54-9A1E7A4F7556}") = "Sanatana.DataGenerator.EntityFrameworkCore.PostgreSql", "Sanatana.DataGenerator.EntityFrameworkCore.PostgreSql\Sanatana.DataGenerator.EntityFrameworkCore.PostgreSql.csproj", "{8CF33481-7A62-4DC7-AEF6-EC3E1C6EF40A}"
EndProject
Global
	GlobalSection(SolutionConfigurationPlatforms) = preSolution
		Debug|Any CPU = Debug|Any CPU
		Release|Any CPU = Release|Any CPU
	EndGlobalSection
	GlobalSection(ProjectConfigurationPlatforms) = postSolution
		{3EC44DF7-B25D-40C6-A506-10B02ECA3656}.Debug|Any CPU.ActiveCfg = Debug|Any CPU
		{3EC44DF7-B25D-40C6-A506-10B02ECA3656}.Debug|Any CPU.Build.0 = Debug|Any CPU
		{3EC44DF7-B25D-40C6-A506-10B02ECA3656}.Release|Any CPU.ActiveCfg = Release|Any CPU
		{3EC44DF7-B25D-40C6-A506-10B02ECA3656}.Release|Any CPU.Build.0 = Release|Any CPU
		{15F8A083-94FD-487B-81AB-3E6DE83617C8}.Debug|Any CPU.ActiveCfg = Debug|Any CPU
		{15F8A083-94FD-487B-81AB-3E6DE83617C8}.Debug|Any CPU.Build.0 = Debug|Any CPU
		{15F8A083-94FD-487B-81AB-3E6DE83617C8}.Release|Any CPU.ActiveCfg = Release|Any CPU
		{15F8A083-94FD-487B-81AB-3E6DE83617C8}.Release|Any CPU.Build.0 = Release|Any CPU
		{FCF08514-D84A-43FD-8FA2-B55CFB25E13C}.Debug|Any CPU.ActiveCfg = Debug|Any CPU
		{FCF08514-D84A-43FD-8FA2-B55CFB25E13C}.Debug|Any CPU.Build.0 = Debug|Any CPU
		{FCF08514-D84A-43FD-8FA2-B55CFB25E13C}.Release|Any CPU.ActiveCfg = Release|Any CPU
		{FCF08514-D84A-43FD-8FA2-B55CFB25E13C}.Release|Any CPU.Build.0 = Release|Any CPU
		{2EFE9722-5208-41D1-97EA-039365C2DF48}.Debug|Any CPU.ActiveCfg = Debug|Any CPU
		{2EFE9722-5208-41D1-97EA-039365C2DF48}.Debug|Any CPU.Build.0 = Debug|Any CPU
		{2EFE9722-5208-41D1-97EA-039365C2DF48}.Release|Any CPU.ActiveCfg = Release|Any CPU
		{2EFE9722-5208-41D1-97EA-039365C2DF48}.Release|Any CPU.Build.0 = Release|Any CPU
		{92130B55-C84D-4F7B-9859-A52ABAAAF4E4}.Debug|Any CPU.ActiveCfg = Debug|Any CPU
		{92130B55-C84D-4F7B-9859-A52ABAAAF4E4}.Debug|Any CPU.Build.0 = Debug|Any CPU
		{92130B55-C84D-4F7B-9859-A52ABAAAF4E4}.Release|Any CPU.ActiveCfg = Release|Any CPU
		{92130B55-C84D-4F7B-9859-A52ABAAAF4E4}.Release|Any CPU.Build.0 = Release|Any CPU
		{5C70ED7A-D649-4EB7-A794-B2F2C0F1F9DF}.Debug|Any CPU.ActiveCfg = Debug|Any CPU
		{5C70ED7A-D649-4EB7-A794-B2F2C0F1F9DF}.Debug|Any CPU.Build.0 = Debug|Any CPU
		{5C70ED7A-D649-4EB7-A794-B2F2C0F1F9DF}.Release|Any CPU.ActiveCfg = Release|Any CPU
		{5C70ED7A-D649-4EB7-A794-B2F2C0F1F9DF}.Release|Any CPU.Build.0 = Release|Any CPU
		{17B3783E-990A-4693-8169-6C11FB4F1124}.Debug|Any CPU.ActiveCfg = Debug|Any CPU
		{17B3783E-990A-4693-8169-6C11FB4F1124}.Debug|Any CPU.Build.0 = Debug|Any CPU
		{17B3783E-990A-4693-8169-6C11FB4F1124}.Release|Any CPU.ActiveCfg = Release|Any CPU
		{17B3783E-990A-4693-8169-6C11FB4F1124}.Release|Any CPU.Build.0 = Release|Any CPU
		{16ECADAC-0F03-41BE-AFDA-FFAA258233D9}.Debug|Any CPU.ActiveCfg = Debug|Any CPU
		{16ECADAC-0F03-41BE-AFDA-FFAA258233D9}.Debug|Any CPU.Build.0 = Debug|Any CPU
		{16ECADAC-0F03-41BE-AFDA-FFAA258233D9}.Release|Any CPU.ActiveCfg = Release|Any CPU
		{16ECADAC-0F03-41BE-AFDA-FFAA258233D9}.Release|Any CPU.Build.0 = Release|Any CPU
		{C7A4D05F-0D38-4692-B67E-F7C09002F602}.Debug|Any CPU.ActiveCfg = Debug|Any CPU
		{C7A4D05F-0D38-4692-B67E-F7C09002F602}.Debug|Any CPU.Build.0 = Debug|Any CPU
		{C7A4D05F-0D38-4692-B67E-F7C09002F602}.Release|Any CPU.ActiveCfg = Release|Any CPU
		{C7A4D05F-0D38-4692-B67E-F7C09002F602}.Release|Any CPU.Build.0 = Release|Any CPU
		{28904C01-6CFB-4754-8496-B76C2E914FD9}.Debug|Any CPU.ActiveCfg = Debug|Any CPU
		{28904C01-6CFB-4754-8496-B76C2E914FD9}.Debug|Any CPU.Build.0 = Debug|Any CPU
		{28904C01-6CFB-4754-8496-B76C2E914FD9}.Release|Any CPU.ActiveCfg = Release|Any CPU
		{28904C01-6CFB-4754-8496-B76C2E914FD9}.Release|Any CPU.Build.0 = Release|Any CPU
		{2B6CD0BD-7A03-499B-B2F6-E4E3CE912EB3}.Debug|Any CPU.ActiveCfg = Debug|Any CPU
		{2B6CD0BD-7A03-499B-B2F6-E4E3CE912EB3}.Debug|Any CPU.Build.0 = Debug|Any CPU
		{2B6CD0BD-7A03-499B-B2F6-E4E3CE912EB3}.Release|Any CPU.ActiveCfg = Release|Any CPU
		{2B6CD0BD-7A03-499B-B2F6-E4E3CE912EB3}.Release|Any CPU.Build.0 = Release|Any CPU
		{8CF33481-7A62-4DC7-AEF6-EC3E1C6EF40A}.Debug|Any CPU.ActiveCfg = Debug|Any CPU
		{8CF33481-7A62-4DC7-AEF6-EC3E1C6EF40A}.Debug|Any CPU.Build.0 = Debug|Any CPU
		{8CF33481-7A62-4DC7-AEF6-EC3E1C6EF40A}.Release|Any CPU.ActiveCfg = Release|Any CPU
		{8CF33481-7A62-4DC7-AEF6-EC3E1C6EF40A}.Release|Any CPU.Build.0 = Release|Any CPU
	EndGlobalSection
	GlobalSection(SolutionProperties) = preSolution
		HideSolutionNode = FALSE
	EndGlobalSection
	GlobalSection(NestedProjects) = preSolution
		{15F8A083-94FD-487B-81AB-3E6DE83617C8} = {A9E634AB-E96D-4BE3-A463-CFDD4B33EC06}
		{FCF08514-D84A-43FD-8FA2-B55CFB25E13C} = {A9E634AB-E96D-4BE3-A463-CFDD4B33EC06}
		{2EFE9722-5208-41D1-97EA-039365C2DF48} = {A9E634AB-E96D-4BE3-A463-CFDD4B33EC06}
		{92130B55-C84D-4F7B-9859-A52ABAAAF4E4} = {6F236CAA-C48A-454C-9469-0F147BFFBF58}
		{5C70ED7A-D649-4EB7-A794-B2F2C0F1F9DF} = {A9E634AB-E96D-4BE3-A463-CFDD4B33EC06}
		{16ECADAC-0F03-41BE-AFDA-FFAA258233D9} = {6F236CAA-C48A-454C-9469-0F147BFFBF58}
		{C7A4D05F-0D38-4692-B67E-F7C09002F602} = {6F236CAA-C48A-454C-9469-0F147BFFBF58}
		{28904C01-6CFB-4754-8496-B76C2E914FD9} = {DE82CA51-2354-4C75-B86A-863BBA779C68}
		{2B6CD0BD-7A03-499B-B2F6-E4E3CE912EB3} = {A9E634AB-E96D-4BE3-A463-CFDD4B33EC06}
		{8CF33481-7A62-4DC7-AEF6-EC3E1C6EF40A} = {A9E634AB-E96D-4BE3-A463-CFDD4B33EC06}
	EndGlobalSection
	GlobalSection(ExtensibilityGlobals) = postSolution
		SolutionGuid = {A63449A2-80E3-4FE8-93EB-16C4819674E6}
	EndGlobalSection
EndGlobal
